// !$*UTF8*$!
{
	archiveVersion = 1;
	classes = {
	};
	objectVersion = 77;
	objects = {

/* Begin PBXBuildFile section */
		DD21F80D2F7984D20001B407 /* WidgetKit.framework in Frameworks */ = {isa = PBXBuildFile; fileRef = DD21F80C2F7984D20001B407 /* WidgetKit.framework */; };
		DD21F80F2F7984D20001B407 /* SwiftUI.framework in Frameworks */ = {isa = PBXBuildFile; fileRef = DD21F80E2F7984D20001B407 /* SwiftUI.framework */; };
		DD21F81E2F7984D30001B407 /* OG Bike Computer WidgetExtension.appex in Embed Foundation Extensions */ = {isa = PBXBuildFile; fileRef = DD21F80A2F7984D10001B407 /* OG Bike Computer WidgetExtension.appex */; settings = {ATTRIBUTES = (RemoveHeadersOnCopy, ); }; };
		DD5D2CD12F525E5B00988CBB /* OG Bike Computer Watch App.app in Embed Watch Content */ = {isa = PBXBuildFile; fileRef = DD5D2CD02F525E5B00988CBB /* OG Bike Computer Watch App.app */; settings = {ATTRIBUTES = (RemoveHeadersOnCopy, ); }; };
		DDEEE97E2F7CF8440089CD3F /* Computa.png in Resources */ = {isa = PBXBuildFile; fileRef = DDEEE97D2F7CF8440089CD3F /* Computa.png */; };
		DDEEE97F2F7CF8440089CD3F /* Computa.png in Resources */ = {isa = PBXBuildFile; fileRef = DDEEE97D2F7CF8440089CD3F /* Computa.png */; };
		DDEEE9802F7CF8440089CD3F /* Computa.png in Resources */ = {isa = PBXBuildFile; fileRef = DDEEE97D2F7CF8440089CD3F /* Computa.png */; };
/* End PBXBuildFile section */

/* Begin PBXContainerItemProxy section */
		DD21F81C2F7984D30001B407 /* PBXContainerItemProxy */ = {
			isa = PBXContainerItemProxy;
			containerPortal = DD5D2CBB2F525E5900988CBB /* Project object */;
			proxyType = 1;
			remoteGlobalIDString = DD21F8092F7984D10001B407;
			remoteInfo = "OG Bike Computer WidgetExtension";
		};
		DD5D2CD22F525E5B00988CBB /* PBXContainerItemProxy */ = {
			isa = PBXContainerItemProxy;
			containerPortal = DD5D2CBB2F525E5900988CBB /* Project object */;
			proxyType = 1;
			remoteGlobalIDString = DD5D2CCF2F525E5B00988CBB;
			remoteInfo = "OG Bike Computer Watch App";
		};
/* End PBXContainerItemProxy section */

/* Begin PBXCopyFilesBuildPhase section */
		DD21F8232F7984D30001B407 /* Embed Foundation Extensions */ = {
			isa = PBXCopyFilesBuildPhase;
			buildActionMask = 2147483647;
			dstPath = "";
			dstSubfolderSpec = 13;
			files = (
				DD21F81E2F7984D30001B407 /* OG Bike Computer WidgetExtension.appex in Embed Foundation Extensions */,
			);
			name = "Embed Foundation Extensions";
			runOnlyForDeploymentPostprocessing = 0;
		};
		DD5D2CE02F525E5C00988CBB /* Embed Watch Content */ = {
			isa = PBXCopyFilesBuildPhase;
			buildActionMask = 2147483647;
			dstPath = "$(CONTENTS_FOLDER_PATH)/Watch";
			dstSubfolderSpec = 16;
			files = (
				DD5D2CD12F525E5B00988CBB /* OG Bike Computer Watch App.app in Embed Watch Content */,
			);
			name = "Embed Watch Content";
			runOnlyForDeploymentPostprocessing = 0;
		};
/* End PBXCopyFilesBuildPhase section */

/* Begin PBXFileReference section */
		DD21F80A2F7984D10001B407 /* OG Bike Computer WidgetExtension.appex */ = {isa = PBXFileReference; explicitFileType = "wrapper.app-extension"; includeInIndex = 0; path = "OG Bike Computer WidgetExtension.appex"; sourceTree = BUILT_PRODUCTS_DIR; };
		DD21F80C2F7984D20001B407 /* WidgetKit.framework */ = {isa = PBXFileReference; lastKnownFileType = wrapper.framework; name = WidgetKit.framework; path = System/Library/Frameworks/WidgetKit.framework; sourceTree = SDKROOT; };
		DD21F80E2F7984D20001B407 /* SwiftUI.framework */ = {isa = PBXFileReference; lastKnownFileType = wrapper.framework; name = SwiftUI.framework; path = System/Library/Frameworks/SwiftUI.framework; sourceTree = SDKROOT; };
		DD5D2CC32F525E5900988CBB /* OG Bike Computer.app */ = {isa = PBXFileReference; explicitFileType = wrapper.application; includeInIndex = 0; path = "OG Bike Computer.app"; sourceTree = BUILT_PRODUCTS_DIR; };
		DD5D2CD02F525E5B00988CBB /* OG Bike Computer Watch App.app */ = {isa = PBXFileReference; explicitFileType = wrapper.application; includeInIndex = 0; path = "OG Bike Computer Watch App.app"; sourceTree = BUILT_PRODUCTS_DIR; };
		DDEEE97D2F7CF8440089CD3F /* Computa.png */ = {isa = PBXFileReference; lastKnownFileType = image.png; name = Computa.png; path = "OG Bike Computer/Assets.xcassets/AppIcon.appiconset/Computa.png"; sourceTree = "<group>"; };
/* End PBXFileReference section */

/* Begin PBXFileSystemSynchronizedBuildFileExceptionSet section */
		DD21F81F2F7984D30001B407 /* Exceptions for "OG Bike Computer Widget" folder in "OG Bike Computer WidgetExtension" target */ = {
			isa = PBXFileSystemSynchronizedBuildFileExceptionSet;
			membershipExceptions = (
				Info.plist,
			);
			target = DD21F8092F7984D10001B407 /* OG Bike Computer WidgetExtension */;
		};
		DD21F8482F7987350001B407 /* Exceptions for "Shared" folder in "OG Bike Computer WidgetExtension" target */ = {
			isa = PBXFileSystemSynchronizedBuildFileExceptionSet;
			membershipExceptions = (
				Models/SettingsPreset.swift,
				Services/ConnectivityManager.swift,
				Stores/UserSettingsStore.swift,
			);
			target = DD21F8092F7984D10001B407 /* OG Bike Computer WidgetExtension */;
		};
/* End PBXFileSystemSynchronizedBuildFileExceptionSet section */

/* Begin PBXFileSystemSynchronizedRootGroup section */
		DD21F8102F7984D20001B407 /* OG Bike Computer Widget */ = {
			isa = PBXFileSystemSynchronizedRootGroup;
			exceptions = (
				DD21F81F2F7984D30001B407 /* Exceptions for "OG Bike Computer Widget" folder in "OG Bike Computer WidgetExtension" target */,
			);
			path = "OG Bike Computer Widget";
			sourceTree = "<group>";
		};
		DD5D2CC52F525E5900988CBB /* OG Bike Computer */ = {
			isa = PBXFileSystemSynchronizedRootGroup;
			path = "OG Bike Computer";
			sourceTree = "<group>";
		};
		DD5D2CD42F525E5B00988CBB /* OG Bike Computer Watch App */ = {
			isa = PBXFileSystemSynchronizedRootGroup;
			path = "OG Bike Computer Watch App";
			sourceTree = "<group>";
		};
		DD9A560A2F535D64001156B1 /* Shared */ = {
			isa = PBXFileSystemSynchronizedRootGroup;
			exceptions = (
				DD21F8482F7987350001B407 /* Exceptions for "Shared" folder in "OG Bike Computer WidgetExtension" target */,
			);
			path = Shared;
			sourceTree = "<group>";
		};
/* End PBXFileSystemSynchronizedRootGroup section */

/* Begin PBXFrameworksBuildPhase section */
		DD21F8072F7984D10001B407 /* Frameworks */ = {
			isa = PBXFrameworksBuildPhase;
			buildActionMask = 2147483647;
			files = (
				DD21F80F2F7984D20001B407 /* SwiftUI.framework in Frameworks */,
				DD21F80D2F7984D20001B407 /* WidgetKit.framework in Frameworks */,
			);
			runOnlyForDeploymentPostprocessing = 0;
		};
		DD5D2CC02F525E5900988CBB /* Frameworks */ = {
			isa = PBXFrameworksBuildPhase;
			buildActionMask = 2147483647;
			files = (
			);
			runOnlyForDeploymentPostprocessing = 0;
		};
		DD5D2CCD2F525E5B00988CBB /* Frameworks */ = {
			isa = PBXFrameworksBuildPhase;
			buildActionMask = 2147483647;
			files = (
			);
			runOnlyForDeploymentPostprocessing = 0;
		};
/* End PBXFrameworksBuildPhase section */

/* Begin PBXGroup section */
		DD21F80B2F7984D20001B407 /* Frameworks */ = {
			isa = PBXGroup;
			children = (
				DD21F80C2F7984D20001B407 /* WidgetKit.framework */,
				DD21F80E2F7984D20001B407 /* SwiftUI.framework */,
			);
			name = Frameworks;
			sourceTree = "<group>";
		};
		DD5D2CBA2F525E5900988CBB = {
			isa = PBXGroup;
			children = (
				DDEEE97D2F7CF8440089CD3F /* Computa.png */,
				DD9A560A2F535D64001156B1 /* Shared */,
				DD5D2CC52F525E5900988CBB /* OG Bike Computer */,
				DD5D2CD42F525E5B00988CBB /* OG Bike Computer Watch App */,
				DD21F8102F7984D20001B407 /* OG Bike Computer Widget */,
				DD21F80B2F7984D20001B407 /* Frameworks */,
				DD5D2CC42F525E5900988CBB /* Products */,
			);
			sourceTree = "<group>";
		};
		DD5D2CC42F525E5900988CBB /* Products */ = {
			isa = PBXGroup;
			children = (
				DD5D2CC32F525E5900988CBB /* OG Bike Computer.app */,
				DD5D2CD02F525E5B00988CBB /* OG Bike Computer Watch App.app */,
				DD21F80A2F7984D10001B407 /* OG Bike Computer WidgetExtension.appex */,
			);
			name = Products;
			sourceTree = "<group>";
		};
/* End PBXGroup section */

/* Begin PBXNativeTarget section */
		DD21F8092F7984D10001B407 /* OG Bike Computer WidgetExtension */ = {
			isa = PBXNativeTarget;
			buildConfigurationList = DD21F8202F7984D30001B407 /* Build configuration list for PBXNativeTarget "OG Bike Computer WidgetExtension" */;
			buildPhases = (
				DD21F8062F7984D10001B407 /* Sources */,
				DD21F8072F7984D10001B407 /* Frameworks */,
				DD21F8082F7984D10001B407 /* Resources */,
			);
			buildRules = (
			);
			dependencies = (
			);
			fileSystemSynchronizedGroups = (
				DD21F8102F7984D20001B407 /* OG Bike Computer Widget */,
				DD9A560A2F535D64001156B1 /* Shared */,
			);
			name = "OG Bike Computer WidgetExtension";
			packageProductDependencies = (
			);
			productName = "OG Bike Computer WidgetExtension";
			productReference = DD21F80A2F7984D10001B407 /* OG Bike Computer WidgetExtension.appex */;
			productType = "com.apple.product-type.app-extension";
		};
		DD5D2CC22F525E5900988CBB /* OG Bike Computer */ = {
			isa = PBXNativeTarget;
			buildConfigurationList = DD5D2CE12F525E5C00988CBB /* Build configuration list for PBXNativeTarget "OG Bike Computer" */;
			buildPhases = (
				DD5D2CBF2F525E5900988CBB /* Sources */,
				DD5D2CC02F525E5900988CBB /* Frameworks */,
				DD5D2CC12F525E5900988CBB /* Resources */,
				DD5D2CE02F525E5C00988CBB /* Embed Watch Content */,
				DD21F8232F7984D30001B407 /* Embed Foundation Extensions */,
			);
			buildRules = (
			);
			dependencies = (
				DD5D2CD32F525E5B00988CBB /* PBXTargetDependency */,
				DD21F81D2F7984D30001B407 /* PBXTargetDependency */,
			);
			fileSystemSynchronizedGroups = (
				DD5D2CC52F525E5900988CBB /* OG Bike Computer */,
				DD9A560A2F535D64001156B1 /* Shared */,
			);
			name = "OG Bike Computer";
			packageProductDependencies = (
			);
			productName = "OG Bike Computer";
			productReference = DD5D2CC32F525E5900988CBB /* OG Bike Computer.app */;
			productType = "com.apple.product-type.application";
		};
		DD5D2CCF2F525E5B00988CBB /* OG Bike Computer Watch App */ = {
			isa = PBXNativeTarget;
			buildConfigurationList = DD5D2CDD2F525E5C00988CBB /* Build configuration list for PBXNativeTarget "OG Bike Computer Watch App" */;
			buildPhases = (
				DD5D2CCC2F525E5B00988CBB /* Sources */,
				DD5D2CCD2F525E5B00988CBB /* Frameworks */,
				DD5D2CCE2F525E5B00988CBB /* Resources */,
			);
			buildRules = (
			);
			dependencies = (
			);
			fileSystemSynchronizedGroups = (
				DD5D2CD42F525E5B00988CBB /* OG Bike Computer Watch App */,
				DD9A560A2F535D64001156B1 /* Shared */,
			);
			name = "OG Bike Computer Watch App";
			packageProductDependencies = (
			);
			productName = "OG Bike Computer Watch App";
			productReference = DD5D2CD02F525E5B00988CBB /* OG Bike Computer Watch App.app */;
			productType = "com.apple.product-type.application";
		};
/* End PBXNativeTarget section */

/* Begin PBXProject section */
		DD5D2CBB2F525E5900988CBB /* Project object */ = {
			isa = PBXProject;
			attributes = {
				BuildIndependentTargetsInParallel = 1;
				LastSwiftUpdateCheck = 2630;
				LastUpgradeCheck = 2630;
				TargetAttributes = {
					DD21F8092F7984D10001B407 = {
						CreatedOnToolsVersion = 26.3;
					};
					DD5D2CC22F525E5900988CBB = {
						CreatedOnToolsVersion = 26.2;
					};
					DD5D2CCF2F525E5B00988CBB = {
						CreatedOnToolsVersion = 26.2;
					};
				};
			};
			buildConfigurationList = DD5D2CBE2F525E5900988CBB /* Build configuration list for PBXProject "OG Bike Computer" */;
			developmentRegion = en;
			hasScannedForEncodings = 0;
			knownRegions = (
				en,
				Base,
			);
			mainGroup = DD5D2CBA2F525E5900988CBB;
			minimizedProjectReferenceProxies = 1;
			preferredProjectObjectVersion = 77;
			productRefGroup = DD5D2CC42F525E5900988CBB /* Products */;
			projectDirPath = "";
			projectRoot = "";
			targets = (
				DD5D2CC22F525E5900988CBB /* OG Bike Computer */,
				DD5D2CCF2F525E5B00988CBB /* OG Bike Computer Watch App */,
				DD21F8092F7984D10001B407 /* OG Bike Computer WidgetExtension */,
			);
		};
/* End PBXProject section */

/* Begin PBXResourcesBuildPhase section */
		DD21F8082F7984D10001B407 /* Resources */ = {
			isa = PBXResourcesBuildPhase;
			buildActionMask = 2147483647;
			files = (
				DDEEE9802F7CF8440089CD3F /* Computa.png in Resources */,
			);
			runOnlyForDeploymentPostprocessing = 0;
		};
		DD5D2CC12F525E5900988CBB /* Resources */ = {
			isa = PBXResourcesBuildPhase;
			buildActionMask = 2147483647;
			files = (
				DDEEE97E2F7CF8440089CD3F /* Computa.png in Resources */,
			);
			runOnlyForDeploymentPostprocessing = 0;
		};
		DD5D2CCE2F525E5B00988CBB /* Resources */ = {
			isa = PBXResourcesBuildPhase;
			buildActionMask = 2147483647;
			files = (
				DDEEE97F2F7CF8440089CD3F /* Computa.png in Resources */,
			);
			runOnlyForDeploymentPostprocessing = 0;
		};
/* End PBXResourcesBuildPhase section */

/* Begin PBXSourcesBuildPhase section */
		DD21F8062F7984D10001B407 /* Sources */ = {
			isa = PBXSourcesBuildPhase;
			buildActionMask = 2147483647;
			files = (
			);
			runOnlyForDeploymentPostprocessing = 0;
		};
		DD5D2CBF2F525E5900988CBB /* Sources */ = {
			isa = PBXSourcesBuildPhase;
			buildActionMask = 2147483647;
			files = (
			);
			runOnlyForDeploymentPostprocessing = 0;
		};
		DD5D2CCC2F525E5B00988CBB /* Sources */ = {
			isa = PBXSourcesBuildPhase;
			buildActionMask = 2147483647;
			files = (
			);
			runOnlyForDeploymentPostprocessing = 0;
		};
/* End PBXSourcesBuildPhase section */

/* Begin PBXTargetDependency section */
		DD21F81D2F7984D30001B407 /* PBXTargetDependency */ = {
			isa = PBXTargetDependency;
			target = DD21F8092F7984D10001B407 /* OG Bike Computer WidgetExtension */;
			targetProxy = DD21F81C2F7984D30001B407 /* PBXContainerItemProxy */;
		};
		DD5D2CD32F525E5B00988CBB /* PBXTargetDependency */ = {
			isa = PBXTargetDependency;
			target = DD5D2CCF2F525E5B00988CBB /* OG Bike Computer Watch App */;
			targetProxy = DD5D2CD22F525E5B00988CBB /* PBXContainerItemProxy */;
		};
/* End PBXTargetDependency section */

/* Begin XCBuildConfiguration section */
		DD21F8212F7984D30001B407 /* Debug */ = {
			isa = XCBuildConfiguration;
			buildSettings = {
				ASSETCATALOG_COMPILER_GLOBAL_ACCENT_COLOR_NAME = AccentColor;
				ASSETCATALOG_COMPILER_WIDGET_BACKGROUND_COLOR_NAME = WidgetBackground;
				CODE_SIGN_STYLE = Automatic;
				CURRENT_PROJECT_VERSION = 1;
				DEVELOPMENT_TEAM = AXZR9KKTUD;
				GENERATE_INFOPLIST_FILE = YES;
				INFOPLIST_FILE = "OG Bike Computer Widget/Info.plist";
				INFOPLIST_KEY_CFBundleDisplayName = "OG Bike Computer Widget";
				INFOPLIST_KEY_NSHumanReadableCopyright = "";
				INFOPLIST_KEY_NSSupportsLiveActivities = YES;
				IPHONEOS_DEPLOYMENT_TARGET = 26.2;
				LD_RUNPATH_SEARCH_PATHS = (
					"$(inherited)",
					"@executable_path/Frameworks",
					"@executable_path/../../Frameworks",
				);
				MARKETING_VERSION = 1.0;
				PRODUCT_BUNDLE_IDENTIFIER = "com.aidan3445.OG-Bike-Computer.OG-Bike-Computer-Widget";
				PRODUCT_NAME = "$(TARGET_NAME)";
				SDKROOT = iphoneos;
				SKIP_INSTALL = YES;
				STRING_CATALOG_GENERATE_SYMBOLS = YES;
				SWIFT_APPROACHABLE_CONCURRENCY = YES;
				SWIFT_EMIT_LOC_STRINGS = YES;
				SWIFT_UPCOMING_FEATURE_MEMBER_IMPORT_VISIBILITY = YES;
				SWIFT_VERSION = 5.0;
				TARGETED_DEVICE_FAMILY = "1,2";
			};
			name = Debug;
		};
		DD21F8222F7984D30001B407 /* Release */ = {
			isa = XCBuildConfiguration;
			buildSettings = {
				ASSETCATALOG_COMPILER_GLOBAL_ACCENT_COLOR_NAME = AccentColor;
				ASSETCATALOG_COMPILER_WIDGET_BACKGROUND_COLOR_NAME = WidgetBackground;
				CODE_SIGN_STYLE = Automatic;
				CURRENT_PROJECT_VERSION = 1;
				DEVELOPMENT_TEAM = AXZR9KKTUD;
				GENERATE_INFOPLIST_FILE = YES;
				INFOPLIST_FILE = "OG Bike Computer Widget/Info.plist";
				INFOPLIST_KEY_CFBundleDisplayName = "OG Bike Computer Widget";
				INFOPLIST_KEY_NSHumanReadableCopyright = "";
				INFOPLIST_KEY_NSSupportsLiveActivities = YES;
				IPHONEOS_DEPLOYMENT_TARGET = 26.2;
				LD_RUNPATH_SEARCH_PATHS = (
					"$(inherited)",
					"@executable_path/Frameworks",
					"@executable_path/../../Frameworks",
				);
				MARKETING_VERSION = 1.0;
				PRODUCT_BUNDLE_IDENTIFIER = "com.aidan3445.OG-Bike-Computer.OG-Bike-Computer-Widget";
				PRODUCT_NAME = "$(TARGET_NAME)";
				SDKROOT = iphoneos;
				SKIP_INSTALL = YES;
				STRING_CATALOG_GENERATE_SYMBOLS = YES;
				SWIFT_APPROACHABLE_CONCURRENCY = YES;
				SWIFT_EMIT_LOC_STRINGS = YES;
				SWIFT_UPCOMING_FEATURE_MEMBER_IMPORT_VISIBILITY = YES;
				SWIFT_VERSION = 5.0;
				TARGETED_DEVICE_FAMILY = "1,2";
				VALIDATE_PRODUCT = YES;
			};
			name = Release;
		};
		DD5D2CDB2F525E5C00988CBB /* Debug */ = {
			isa = XCBuildConfiguration;
			buildSettings = {
				ALWAYS_SEARCH_USER_PATHS = NO;
				ASSETCATALOG_COMPILER_GENERATE_SWIFT_ASSET_SYMBOL_EXTENSIONS = YES;
				CLANG_ANALYZER_NONNULL = YES;
				CLANG_ANALYZER_NUMBER_OBJECT_CONVERSION = YES_AGGRESSIVE;
				CLANG_CXX_LANGUAGE_STANDARD = "gnu++20";
				CLANG_ENABLE_MODULES = YES;
				CLANG_ENABLE_OBJC_ARC = YES;
				CLANG_ENABLE_OBJC_WEAK = YES;
				CLANG_WARN_BLOCK_CAPTURE_AUTORELEASING = YES;
				CLANG_WARN_BOOL_CONVERSION = YES;
				CLANG_WARN_COMMA = YES;
				CLANG_WARN_CONSTANT_CONVERSION = YES;
				CLANG_WARN_DEPRECATED_OBJC_IMPLEMENTATIONS = YES;
				CLANG_WARN_DIRECT_OBJC_ISA_USAGE = YES_ERROR;
				CLANG_WARN_DOCUMENTATION_COMMENTS = YES;
				CLANG_WARN_EMPTY_BODY = YES;
				CLANG_WARN_ENUM_CONVERSION = YES;
				CLANG_WARN_INFINITE_RECURSION = YES;
				CLANG_WARN_INT_CONVERSION = YES;
				CLANG_WARN_NON_LITERAL_NULL_CONVERSION = YES;
				CLANG_WARN_OBJC_IMPLICIT_RETAIN_SELF = YES;
				CLANG_WARN_OBJC_LITERAL_CONVERSION = YES;
				CLANG_WARN_OBJC_ROOT_CLASS = YES_ERROR;
				CLANG_WARN_QUOTED_INCLUDE_IN_FRAMEWORK_HEADER = YES;
				CLANG_WARN_RANGE_LOOP_ANALYSIS = YES;
				CLANG_WARN_STRICT_PROTOTYPES = YES;
				CLANG_WARN_SUSPICIOUS_MOVE = YES;
				CLANG_WARN_UNGUARDED_AVAILABILITY = YES_AGGRESSIVE;
				CLANG_WARN_UNREACHABLE_CODE = YES;
				CLANG_WARN__DUPLICATE_METHOD_MATCH = YES;
				COPY_PHASE_STRIP = NO;
				DEAD_CODE_STRIPPING = YES;
				DEBUG_INFORMATION_FORMAT = dwarf;
				DEVELOPMENT_TEAM = AXZR9KKTUD;
				ENABLE_STRICT_OBJC_MSGSEND = YES;
				ENABLE_TESTABILITY = YES;
				ENABLE_USER_SCRIPT_SANDBOXING = YES;
				GCC_C_LANGUAGE_STANDARD = gnu17;
				GCC_DYNAMIC_NO_PIC = NO;
				GCC_NO_COMMON_BLOCKS = YES;
				GCC_OPTIMIZATION_LEVEL = 0;
				GCC_PREPROCESSOR_DEFINITIONS = (
					"DEBUG=1",
					"$(inherited)",
				);
				GCC_WARN_64_TO_32_BIT_CONVERSION = YES;
				GCC_WARN_ABOUT_RETURN_TYPE = YES_ERROR;
				GCC_WARN_UNDECLARED_SELECTOR = YES;
				GCC_WARN_UNINITIALIZED_AUTOS = YES_AGGRESSIVE;
				GCC_WARN_UNUSED_FUNCTION = YES;
				GCC_WARN_UNUSED_VARIABLE = YES;
				LOCALIZATION_PREFERS_STRING_CATALOGS = YES;
				MTL_ENABLE_DEBUG_INFO = INCLUDE_SOURCE;
				MTL_FAST_MATH = YES;
				ONLY_ACTIVE_ARCH = YES;
				STRING_CATALOG_GENERATE_SYMBOLS = YES;
				SWIFT_ACTIVE_COMPILATION_CONDITIONS = "DEBUG $(inherited)";
				SWIFT_OPTIMIZATION_LEVEL = "-Onone";
			};
			name = Debug;
		};
		DD5D2CDC2F525E5C00988CBB /* Release */ = {
			isa = XCBuildConfiguration;
			buildSettings = {
				ALWAYS_SEARCH_USER_PATHS = NO;
				ASSETCATALOG_COMPILER_GENERATE_SWIFT_ASSET_SYMBOL_EXTENSIONS = YES;
				CLANG_ANALYZER_NONNULL = YES;
				CLANG_ANALYZER_NUMBER_OBJECT_CONVERSION = YES_AGGRESSIVE;
				CLANG_CXX_LANGUAGE_STANDARD = "gnu++20";
				CLANG_ENABLE_MODULES = YES;
				CLANG_ENABLE_OBJC_ARC = YES;
				CLANG_ENABLE_OBJC_WEAK = YES;
				CLANG_WARN_BLOCK_CAPTURE_AUTORELEASING = YES;
				CLANG_WARN_BOOL_CONVERSION = YES;
				CLANG_WARN_COMMA = YES;
				CLANG_WARN_CONSTANT_CONVERSION = YES;
				CLANG_WARN_DEPRECATED_OBJC_IMPLEMENTATIONS = YES;
				CLANG_WARN_DIRECT_OBJC_ISA_USAGE = YES_ERROR;
				CLANG_WARN_DOCUMENTATION_COMMENTS = YES;
				CLANG_WARN_EMPTY_BODY = YES;
				CLANG_WARN_ENUM_CONVERSION = YES;
				CLANG_WARN_INFINITE_RECURSION = YES;
				CLANG_WARN_INT_CONVERSION = YES;
				CLANG_WARN_NON_LITERAL_NULL_CONVERSION = YES;
				CLANG_WARN_OBJC_IMPLICIT_RETAIN_SELF = YES;
				CLANG_WARN_OBJC_LITERAL_CONVERSION = YES;
				CLANG_WARN_OBJC_ROOT_CLASS = YES_ERROR;
				CLANG_WARN_QUOTED_INCLUDE_IN_FRAMEWORK_HEADER = YES;
				CLANG_WARN_RANGE_LOOP_ANALYSIS = YES;
				CLANG_WARN_STRICT_PROTOTYPES = YES;
				CLANG_WARN_SUSPICIOUS_MOVE = YES;
				CLANG_WARN_UNGUARDED_AVAILABILITY = YES_AGGRESSIVE;
				CLANG_WARN_UNREACHABLE_CODE = YES;
				CLANG_WARN__DUPLICATE_METHOD_MATCH = YES;
				COPY_PHASE_STRIP = NO;
				DEAD_CODE_STRIPPING = YES;
				DEBUG_INFORMATION_FORMAT = "dwarf-with-dsym";
				DEVELOPMENT_TEAM = AXZR9KKTUD;
				ENABLE_NS_ASSERTIONS = NO;
				ENABLE_STRICT_OBJC_MSGSEND = YES;
				ENABLE_USER_SCRIPT_SANDBOXING = YES;
				GCC_C_LANGUAGE_STANDARD = gnu17;
				GCC_NO_COMMON_BLOCKS = YES;
				GCC_WARN_64_TO_32_BIT_CONVERSION = YES;
				GCC_WARN_ABOUT_RETURN_TYPE = YES_ERROR;
				GCC_WARN_UNDECLARED_SELECTOR = YES;
				GCC_WARN_UNINITIALIZED_AUTOS = YES_AGGRESSIVE;
				GCC_WARN_UNUSED_FUNCTION = YES;
				GCC_WARN_UNUSED_VARIABLE = YES;
				LOCALIZATION_PREFERS_STRING_CATALOGS = YES;
				MTL_ENABLE_DEBUG_INFO = NO;
				MTL_FAST_MATH = YES;
				STRING_CATALOG_GENERATE_SYMBOLS = YES;
				SWIFT_COMPILATION_MODE = wholemodule;
			};
			name = Release;
		};
		DD5D2CDE2F525E5C00988CBB /* Debug */ = {
			isa = XCBuildConfiguration;
			buildSettings = {
				ASSETCATALOG_COMPILER_APPICON_NAME = AppIcon;
				ASSETCATALOG_COMPILER_GLOBAL_ACCENT_COLOR_NAME = AccentColor;
				CODE_SIGN_ENTITLEMENTS = "OG Bike Computer Watch App/OG Bike Computer Watch App.entitlements";
				CODE_SIGN_STYLE = Automatic;
				CURRENT_PROJECT_VERSION = 1;
				DEVELOPMENT_TEAM = AXZR9KKTUD;
				ENABLE_PREVIEWS = YES;
				GENERATE_INFOPLIST_FILE = YES;
				INFOPLIST_FILE = "OG-Bike-Computer-Watch-App-Info.plist";
				INFOPLIST_KEY_CFBundleDisplayName = Computa;
				INFOPLIST_KEY_NSHealthShareUsageDescription = "Reads heart rate during cycling workouts";
				INFOPLIST_KEY_NSHealthUpdateUsageDescription = "Records cycling workouts and routes";
				INFOPLIST_KEY_NSLocationWhenInUseUsageDescription = "Tracks your position for turn-by-turn navigation during rides";
				INFOPLIST_KEY_NSSupportsLiveActivities = YES;
				INFOPLIST_KEY_UISupportedInterfaceOrientations = "UIInterfaceOrientationPortrait UIInterfaceOrientationPortraitUpsideDown";
				INFOPLIST_KEY_WKCompanionAppBundleIdentifier = "com.aidan3445.OG-Bike-Computer";
				LD_RUNPATH_SEARCH_PATHS = (
					"$(inherited)",
					"@executable_path/Frameworks",
				);
				MARKETING_VERSION = 1.0;
				PRODUCT_BUNDLE_IDENTIFIER = "com.aidan3445.OG-Bike-Computer.watchkitapp";
				PRODUCT_NAME = "$(TARGET_NAME)";
				SDKROOT = watchos;
				SKIP_INSTALL = YES;
				STRING_CATALOG_GENERATE_SYMBOLS = YES;
				SWIFT_APPROACHABLE_CONCURRENCY = YES;
				SWIFT_DEFAULT_ACTOR_ISOLATION = MainActor;
				SWIFT_EMIT_LOC_STRINGS = YES;
				SWIFT_UPCOMING_FEATURE_MEMBER_IMPORT_VISIBILITY = YES;
				SWIFT_VERSION = 5.0;
				TARGETED_DEVICE_FAMILY = 4;
				WATCHOS_DEPLOYMENT_TARGET = 26.0;
			};
			name = Debug;
		};
		DD5D2CDF2F525E5C00988CBB /* Release */ = {
			isa = XCBuildConfiguration;
			buildSettings = {
				ASSETCATALOG_COMPILER_APPICON_NAME = AppIcon;
				ASSETCATALOG_COMPILER_GLOBAL_ACCENT_COLOR_NAME = AccentColor;
				CODE_SIGN_ENTITLEMENTS = "OG Bike Computer Watch App/OG Bike Computer Watch App.entitlements";
				CODE_SIGN_STYLE = Automatic;
				CURRENT_PROJECT_VERSION = 1;
				DEVELOPMENT_TEAM = AXZR9KKTUD;
				ENABLE_PREVIEWS = YES;
				GENERATE_INFOPLIST_FILE = YES;
				INFOPLIST_FILE = "OG-Bike-Computer-Watch-App-Info.plist";
				INFOPLIST_KEY_CFBundleDisplayName = Computa;
				INFOPLIST_KEY_NSHealthShareUsageDescription = "Reads heart rate during cycling workouts";
				INFOPLIST_KEY_NSHealthUpdateUsageDescription = "Records cycling workouts and routes";
				INFOPLIST_KEY_NSLocationWhenInUseUsageDescription = "Tracks your position for turn-by-turn navigation during rides";
				INFOPLIST_KEY_NSSupportsLiveActivities = YES;
				INFOPLIST_KEY_UISupportedInterfaceOrientations = "UIInterfaceOrientationPortrait UIInterfaceOrientationPortraitUpsideDown";
				INFOPLIST_KEY_WKCompanionAppBundleIdentifier = "com.aidan3445.OG-Bike-Computer";
				LD_RUNPATH_SEARCH_PATHS = (
					"$(inherited)",
					"@executable_path/Frameworks",
				);
				MARKETING_VERSION = 1.0;
				PRODUCT_BUNDLE_IDENTIFIER = "com.aidan3445.OG-Bike-Computer.watchkitapp";
				PRODUCT_NAME = "$(TARGET_NAME)";
				SDKROOT = watchos;
				SKIP_INSTALL = YES;
				STRING_CATALOG_GENERATE_SYMBOLS = YES;
				SWIFT_APPROACHABLE_CONCURRENCY = YES;
				SWIFT_DEFAULT_ACTOR_ISOLATION = MainActor;
				SWIFT_EMIT_LOC_STRINGS = YES;
				SWIFT_UPCOMING_FEATURE_MEMBER_IMPORT_VISIBILITY = YES;
				SWIFT_VERSION = 5.0;
				TARGETED_DEVICE_FAMILY = 4;
				VALIDATE_PRODUCT = YES;
				WATCHOS_DEPLOYMENT_TARGET = 26.0;
			};
			name = Release;
		};
		DD5D2CE22F525E5C00988CBB /* Debug */ = {
			isa = XCBuildConfiguration;
			buildSettings = {
				ASSETCATALOG_COMPILER_APPICON_NAME = AppIcon;
				ASSETCATALOG_COMPILER_GLOBAL_ACCENT_COLOR_NAME = AccentColor;
				ASSETCATALOG_COMPILER_INCLUDE_ALL_APPICON_ASSETS = NO;
				CODE_SIGN_ENTITLEMENTS = "OG Bike Computer/OG Bike Computer.entitlements";
				CODE_SIGN_STYLE = Automatic;
				CURRENT_PROJECT_VERSION = 1;
				DEVELOPMENT_TEAM = AXZR9KKTUD;
				ENABLE_PREVIEWS = YES;
				GENERATE_INFOPLIST_FILE = YES;
				INFOPLIST_FILE = "OG-Bike-Computer-Info.plist";
				INFOPLIST_KEY_CFBundleDisplayName = Computa;
				INFOPLIST_KEY_LSApplicationCategoryType = "public.app-category.healthcare-fitness";
				INFOPLIST_KEY_LSSupportsOpeningDocumentsInPlace = NO;
				INFOPLIST_KEY_NSHealthShareUsageDescription = "Displays workout metrics during rides";
				INFOPLIST_KEY_NSHealthUpdateUsageDescription = "Records cycling workouts and heart rate";
				INFOPLIST_KEY_NSLocationWhenInUseUsageDescription = "Shows your position on the route map";
				INFOPLIST_KEY_NSSupportsLiveActivities = YES;
				INFOPLIST_KEY_UIApplicationSceneManifest_Generation = YES;
				INFOPLIST_KEY_UIApplicationSupportsIndirectInputEvents = YES;
				INFOPLIST_KEY_UILaunchScreen_Generation = YES;
				INFOPLIST_KEY_UIStatusBarStyle = UIStatusBarStyleLightContent;
				INFOPLIST_KEY_UISupportedInterfaceOrientations = UIInterfaceOrientationPortrait;
				INFOPLIST_KEY_UISupportedInterfaceOrientations_iPad = "UIInterfaceOrientationLandscapeLeft UIInterfaceOrientationLandscapeRight UIInterfaceOrientationPortrait UIInterfaceOrientationPortraitUpsideDown";
				IPHONEOS_DEPLOYMENT_TARGET = 26.0;
				LD_RUNPATH_SEARCH_PATHS = (
					"$(inherited)",
					"@executable_path/Frameworks",
				);
				MARKETING_VERSION = 1.0;
				PRODUCT_BUNDLE_IDENTIFIER = "com.aidan3445.OG-Bike-Computer";
				PRODUCT_NAME = "$(TARGET_NAME)";
				SDKROOT = iphoneos;
				STRING_CATALOG_GENERATE_SYMBOLS = YES;
				SUPPORTED_PLATFORMS = "iphoneos iphonesimulator";
				SUPPORTS_MACCATALYST = NO;
				SUPPORTS_XR_DESIGNED_FOR_IPHONE_IPAD = NO;
				SWIFT_APPROACHABLE_CONCURRENCY = YES;
				SWIFT_DEFAULT_ACTOR_ISOLATION = MainActor;
				SWIFT_EMIT_LOC_STRINGS = YES;
				SWIFT_UPCOMING_FEATURE_MEMBER_IMPORT_VISIBILITY = YES;
				SWIFT_VERSION = 5.0;
				TARGETED_DEVICE_FAMILY = "1,2";
			};
			name = Debug;
		};
		DD5D2CE32F525E5C00988CBB /* Release */ = {
			isa = XCBuildConfiguration;
			buildSettings = {
				ASSETCATALOG_COMPILER_APPICON_NAME = AppIcon;
				ASSETCATALOG_COMPILER_GLOBAL_ACCENT_COLOR_NAME = AccentColor;
				ASSETCATALOG_COMPILER_INCLUDE_ALL_APPICON_ASSETS = NO;
				CODE_SIGN_ENTITLEMENTS = "OG Bike Computer/OG Bike Computer.entitlements";
				CODE_SIGN_STYLE = Automatic;
				CURRENT_PROJECT_VERSION = 1;
				DEVELOPMENT_TEAM = AXZR9KKTUD;
				ENABLE_PREVIEWS = YES;
				GENERATE_INFOPLIST_FILE = YES;
				INFOPLIST_FILE = "OG-Bike-Computer-Info.plist";
				INFOPLIST_KEY_CFBundleDisplayName = Computa;
				INFOPLIST_KEY_LSApplicationCategoryType = "public.app-category.healthcare-fitness";
				INFOPLIST_KEY_LSSupportsOpeningDocumentsInPlace = NO;
				INFOPLIST_KEY_NSHealthShareUsageDescription = "Displays workout metrics during rides";
				INFOPLIST_KEY_NSHealthUpdateUsageDescription = "Records cycling workouts and heart rate";
				INFOPLIST_KEY_NSLocationWhenInUseUsageDescription = "Shows your position on the route map";
				INFOPLIST_KEY_NSSupportsLiveActivities = YES;
				INFOPLIST_KEY_UIApplicationSceneManifest_Generation = YES;
				INFOPLIST_KEY_UIApplicationSupportsIndirectInputEvents = YES;
				INFOPLIST_KEY_UILaunchScreen_Generation = YES;
				INFOPLIST_KEY_UIStatusBarStyle = UIStatusBarStyleLightContent;
				INFOPLIST_KEY_UISupportedInterfaceOrientations = UIInterfaceOrientationPortrait;
				INFOPLIST_KEY_UISupportedInterfaceOrientations_iPad = "UIInterfaceOrientationLandscapeLeft UIInterfaceOrientationLandscapeRight UIInterfaceOrientationPortrait UIInterfaceOrientationPortraitUpsideDown";
				IPHONEOS_DEPLOYMENT_TARGET = 26.0;
				LD_RUNPATH_SEARCH_PATHS = (
					"$(inherited)",
					"@executable_path/Frameworks",
				);
				MARKETING_VERSION = 1.0;
				PRODUCT_BUNDLE_IDENTIFIER = "com.aidan3445.OG-Bike-Computer";
				PRODUCT_NAME = "$(TARGET_NAME)";
				SDKROOT = iphoneos;
				STRING_CATALOG_GENERATE_SYMBOLS = YES;
				SUPPORTED_PLATFORMS = "iphoneos iphonesimulator";
				SUPPORTS_MACCATALYST = NO;
				SUPPORTS_XR_DESIGNED_FOR_IPHONE_IPAD = NO;
				SWIFT_APPROACHABLE_CONCURRENCY = YES;
				SWIFT_DEFAULT_ACTOR_ISOLATION = MainActor;
				SWIFT_EMIT_LOC_STRINGS = YES;
				SWIFT_UPCOMING_FEATURE_MEMBER_IMPORT_VISIBILITY = YES;
				SWIFT_VERSION = 5.0;
				TARGETED_DEVICE_FAMILY = "1,2";
				VALIDATE_PRODUCT = YES;
			};
			name = Release;
		};
/* End XCBuildConfiguration section */

/* Begin XCConfigurationList section */
		DD21F8202F7984D30001B407 /* Build configuration list for PBXNativeTarget "OG Bike Computer WidgetExtension" */ = {
			isa = XCConfigurationList;
			buildConfigurations = (
				DD21F8212F7984D30001B407 /* Debug */,
				DD21F8222F7984D30001B407 /* Release */,
			);
			defaultConfigurationIsVisible = 0;
			defaultConfigurationName = Release;
		};
		DD5D2CBE2F525E5900988CBB /* Build configuration list for PBXProject "OG Bike Computer" */ = {
			isa = XCConfigurationList;
			buildConfigurations = (
				DD5D2CDB2F525E5C00988CBB /* Debug */,
				DD5D2CDC2F525E5C00988CBB /* Release */,
			);
			defaultConfigurationIsVisible = 0;
			defaultConfigurationName = Release;
		};
		DD5D2CDD2F525E5C00988CBB /* Build configuration list for PBXNativeTarget "OG Bike Computer Watch App" */ = {
			isa = XCConfigurationList;
			buildConfigurations = (
				DD5D2CDE2F525E5C00988CBB /* Debug */,
				DD5D2CDF2F525E5C00988CBB /* Release */,
			);
			defaultConfigurationIsVisible = 0;
			defaultConfigurationName = Release;
		};
		DD5D2CE12F525E5C00988CBB /* Build configuration list for PBXNativeTarget "OG Bike Computer" */ = {
			isa = XCConfigurationList;
			buildConfigurations = (
				DD5D2CE22F525E5C00988CBB /* Debug */,
				DD5D2CE32F525E5C00988CBB /* Release */,
			);
			defaultConfigurationIsVisible = 0;
			defaultConfigurationName = Release;
		};
/* End XCConfigurationList section */
	};
	rootObject = DD5D2CBB2F525E5900988CBB /* Project object */;
}
